
Microsoft Visual Studio Solution File, Format Version 12.00
# Visual Studio Version 17
VisualStudioVersion = 17.8.34330.188
MinimumVisualStudioVersion = 10.0.40219.1
Project("{FAE04EC0-301F-11D3-BF4B-00C04F79EFBC}") = "DotNet8DemoWebAPI", "DotNet8DemoWebAPI.csproj", "{B56579D2-C2DC-400F-A888-48B6F37C9D7B}"
EndProject
Global
	GlobalSection(SolutionConfigurationPlatforms) = preSolution
		Debug|Any CPU = Debug|Any CPU
		Release|Any CPU = Release|Any CPU
	EndGlobalSection
	GlobalSection(ProjectConfigurationPlatforms) = postSolution
		{B56579D2-C2DC-400F-A888-48B6F37C9D7B}.Debug|Any CPU.ActiveCfg = Debug|Any CPU
		{B56579D2-C2DC-400F-A888-48B6F37C9D7B}.Debug|Any CPU.Build.0 = Debug|Any CPU
		{B56579D2-C2DC-400F-A888-48B6F37C9D7B}.Release|Any CPU.ActiveCfg = Release|Any CPU
		{B56579D2-C2DC-400F-A888-48B6F37C9D7B}.Release|Any CPU.Build.0 = Release|Any CPU
	EndGlobalSection
	GlobalSection(SolutionProperties) = preSolution
		HideSolutionNode = FALSE
	EndGlobalSection
	GlobalSection(ExtensibilityGlobals) = postSolution
		SolutionGuid = {B045F31F-2F43-4A46-8EE3-CC8F45720172}
	EndGlobalSection
EndGlobal
