
Microsoft Visual Studio Solution File, Format Version 12.00
# Visual Studio Version 16
VisualStudioVersion = 16.0.31911.196
MinimumVisualStudioVersion = 10.0.40219.1
Project("{9A19103F-16F7-4668-BE54-9A1E7A4F7556}") = "MaratLabAssignment2", "MaratLabAssignment2\MaratLabAssignment2.csproj", "{B771AF9B-98C2-4FE2-B18C-AA3DFA97A1A9}"
EndProject
Project("{9A19103F-16F7-4668-BE54-9A1E7A4F7556}") = "CustomerDataClassLibrary", "CustomerDataClassLibrary\CustomerDataClassLibrary.csproj", "{256818FE-B638-4A8E-B7B8-145015BB09D4}"
EndProject
Project("{FAE04EC0-301F-11D3-BF4B-00C04F79EFBC}") = "UnitTest", "UnitTest\UnitTest.csproj", "{5D7378BD-3DC1-4402-93BF-82100CB0D681}"
EndProject
Global
	GlobalSection(SolutionConfigurationPlatforms) = preSolution
		Debug|Any CPU = Debug|Any CPU
		Release|Any CPU = Release|Any CPU
	EndGlobalSection
	GlobalSection(ProjectConfigurationPlatforms) = postSolution
		{B771AF9B-98C2-4FE2-B18C-AA3DFA97A1A9}.Debug|Any CPU.ActiveCfg = Debug|Any CPU
		{B771AF9B-98C2-4FE2-B18C-AA3DFA97A1A9}.Debug|Any CPU.Build.0 = Debug|Any CPU
		{B771AF9B-98C2-4FE2-B18C-AA3DFA97A1A9}.Release|Any CPU.ActiveCfg = Release|Any CPU
		{B771AF9B-98C2-4FE2-B18C-AA3DFA97A1A9}.Release|Any CPU.Build.0 = Release|Any CPU
		{256818FE-B638-4A8E-B7B8-145015BB09D4}.Debug|Any CPU.ActiveCfg = Debug|Any CPU
		{256818FE-B638-4A8E-B7B8-145015BB09D4}.Debug|Any CPU.Build.0 = Debug|Any CPU
		{256818FE-B638-4A8E-B7B8-145015BB09D4}.Release|Any CPU.ActiveCfg = Release|Any CPU
		{256818FE-B638-4A8E-B7B8-145015BB09D4}.Release|Any CPU.Build.0 = Release|Any CPU
		{5D7378BD-3DC1-4402-93BF-82100CB0D681}.Debug|Any CPU.ActiveCfg = Debug|Any CPU
		{5D7378BD-3DC1-4402-93BF-82100CB0D681}.Debug|Any CPU.Build.0 = Debug|Any CPU
		{5D7378BD-3DC1-4402-93BF-82100CB0D681}.Release|Any CPU.ActiveCfg = Release|Any CPU
		{5D7378BD-3DC1-4402-93BF-82100CB0D681}.Release|Any CPU.Build.0 = Release|Any CPU
	EndGlobalSection
	GlobalSection(SolutionProperties) = preSolution
		HideSolutionNode = FALSE
	EndGlobalSection
	GlobalSection(ExtensibilityGlobals) = postSolution
		SolutionGuid = {0D616242-3A2F-45C3-A669-21E2A9AC652D}
	EndGlobalSection
EndGlobal
