
Microsoft Visual Studio Solution File, Format Version 12.00
# Visual Studio Version 17
VisualStudioVersion = 17.2.32616.157
MinimumVisualStudioVersion = 10.0.40219.1
Project("{9A19103F-16F7-4668-BE54-9A1E7A4F7556}") = "TangyWebServer", "TangyWebServer\TangyWebServer.csproj", "{B90766B7-A161-4BF4-801F-0A0330CEEB74}"
EndProject
Project("{9A19103F-16F7-4668-BE54-9A1E7A4F7556}") = "ModelsClassLibrary", "ModelsClassLibrary\ModelsClassLibrary.csproj", "{701F9150-0877-4DA6-91DB-633EC61DEB14}"
EndProject
Project("{FAE04EC0-301F-11D3-BF4B-00C04F79EFBC}") = "BusinessClassLibrary", "BusinessClassLibrary\BusinessClassLibrary.csproj", "{C592AC11-C722-42B7-B710-00B3AB9772D5}"
EndProject
Project("{FAE04EC0-301F-11D3-BF4B-00C04F79EFBC}") = "CommonClassLibrary", "CommonClassLibrary\CommonClassLibrary.csproj", "{5F320817-0D52-4CEB-B0B4-DD25A6F9C40A}"
EndProject
Project("{FAE04EC0-301F-11D3-BF4B-00C04F79EFBC}") = "DataAccessClassLibrary", "DataAccessClassLibrary\DataAccessClassLibrary.csproj", "{7607C958-AF7D-45C1-9E5C-AC0726B1EC75}"
EndProject
Global
	GlobalSection(SolutionConfigurationPlatforms) = preSolution
		Debug|Any CPU = Debug|Any CPU
		Release|Any CPU = Release|Any CPU
	EndGlobalSection
	GlobalSection(ProjectConfigurationPlatforms) = postSolution
		{B90766B7-A161-4BF4-801F-0A0330CEEB74}.Debug|Any CPU.ActiveCfg = Debug|Any CPU
		{B90766B7-A161-4BF4-801F-0A0330CEEB74}.Debug|Any CPU.Build.0 = Debug|Any CPU
		{B90766B7-A161-4BF4-801F-0A0330CEEB74}.Release|Any CPU.ActiveCfg = Release|Any CPU
		{B90766B7-A161-4BF4-801F-0A0330CEEB74}.Release|Any CPU.Build.0 = Release|Any CPU
		{701F9150-0877-4DA6-91DB-633EC61DEB14}.Debug|Any CPU.ActiveCfg = Debug|Any CPU
		{701F9150-0877-4DA6-91DB-633EC61DEB14}.Debug|Any CPU.Build.0 = Debug|Any CPU
		{701F9150-0877-4DA6-91DB-633EC61DEB14}.Release|Any CPU.ActiveCfg = Release|Any CPU
		{701F9150-0877-4DA6-91DB-633EC61DEB14}.Release|Any CPU.Build.0 = Release|Any CPU
		{C592AC11-C722-42B7-B710-00B3AB9772D5}.Debug|Any CPU.ActiveCfg = Debug|Any CPU
		{C592AC11-C722-42B7-B710-00B3AB9772D5}.Debug|Any CPU.Build.0 = Debug|Any CPU
		{C592AC11-C722-42B7-B710-00B3AB9772D5}.Release|Any CPU.ActiveCfg = Release|Any CPU
		{C592AC11-C722-42B7-B710-00B3AB9772D5}.Release|Any CPU.Build.0 = Release|Any CPU
		{5F320817-0D52-4CEB-B0B4-DD25A6F9C40A}.Debug|Any CPU.ActiveCfg = Debug|Any CPU
		{5F320817-0D52-4CEB-B0B4-DD25A6F9C40A}.Debug|Any CPU.Build.0 = Debug|Any CPU
		{5F320817-0D52-4CEB-B0B4-DD25A6F9C40A}.Release|Any CPU.ActiveCfg = Release|Any CPU
		{5F320817-0D52-4CEB-B0B4-DD25A6F9C40A}.Release|Any CPU.Build.0 = Release|Any CPU
		{7607C958-AF7D-45C1-9E5C-AC0726B1EC75}.Debug|Any CPU.ActiveCfg = Debug|Any CPU
		{7607C958-AF7D-45C1-9E5C-AC0726B1EC75}.Debug|Any CPU.Build.0 = Debug|Any CPU
		{7607C958-AF7D-45C1-9E5C-AC0726B1EC75}.Release|Any CPU.ActiveCfg = Release|Any CPU
		{7607C958-AF7D-45C1-9E5C-AC0726B1EC75}.Release|Any CPU.Build.0 = Release|Any CPU
	EndGlobalSection
	GlobalSection(SolutionProperties) = preSolution
		HideSolutionNode = FALSE
	EndGlobalSection
	GlobalSection(ExtensibilityGlobals) = postSolution
		SolutionGuid = {45C61FB1-3CEE-4754-9D8C-288EE36D4A8F}
	EndGlobalSection
EndGlobal
