
Microsoft Visual Studio Solution File, Format Version 12.00
# Visual Studio Version 16
VisualStudioVersion = 16.0.32126.315
MinimumVisualStudioVersion = 10.0.40219.1
Project("{FAE04EC0-301F-11D3-BF4B-00C04F79EFBC}") = "CodilityDocumentStatistics", "CodilityDocumentStatistics\CodilityDocumentStatistics.csproj", "{EEAE78EC-9D19-4DB7-AD08-85AA203D0031}"
EndProject
Global
	GlobalSection(SolutionConfigurationPlatforms) = preSolution
		Debug|Any CPU = Debug|Any CPU
		Release|Any CPU = Release|Any CPU
	EndGlobalSection
	GlobalSection(ProjectConfigurationPlatforms) = postSolution
		{EEAE78EC-9D19-4DB7-AD08-85AA203D0031}.Debug|Any CPU.ActiveCfg = Debug|Any CPU
		{EEAE78EC-9D19-4DB7-AD08-85AA203D0031}.Debug|Any CPU.Build.0 = Debug|Any CPU
		{EEAE78EC-9D19-4DB7-AD08-85AA203D0031}.Release|Any CPU.ActiveCfg = Release|Any CPU
		{EEAE78EC-9D19-4DB7-AD08-85AA203D0031}.Release|Any CPU.Build.0 = Release|Any CPU
	EndGlobalSection
	GlobalSection(SolutionProperties) = preSolution
		HideSolutionNode = FALSE
	EndGlobalSection
	GlobalSection(ExtensibilityGlobals) = postSolution
		SolutionGuid = {2E84DDB2-F7F0-4EA2-B456-11A5B5A66F32}
	EndGlobalSection
EndGlobal
