
Microsoft Visual Studio Solution File, Format Version 12.00
# Visual Studio Version 17
VisualStudioVersion = 17.5.33530.505
MinimumVisualStudioVersion = 10.0.40219.1
Project("{FAE04EC0-301F-11D3-BF4B-00C04F79EFBC}") = "BlazorWeb_Server", "BlazorWeb_Server\BlazorWeb_Server.csproj", "{9F0F0AA5-54CF-4184-A7E2-254D7C16680D}"
EndProject
Global
	GlobalSection(SolutionConfigurationPlatforms) = preSolution
		Debug|Any CPU = Debug|Any CPU
		Release|Any CPU = Release|Any CPU
	EndGlobalSection
	GlobalSection(ProjectConfigurationPlatforms) = postSolution
		{9F0F0AA5-54CF-4184-A7E2-254D7C16680D}.Debug|Any CPU.ActiveCfg = Debug|Any CPU
		{9F0F0AA5-54CF-4184-A7E2-254D7C16680D}.Debug|Any CPU.Build.0 = Debug|Any CPU
		{9F0F0AA5-54CF-4184-A7E2-254D7C16680D}.Release|Any CPU.ActiveCfg = Release|Any CPU
		{9F0F0AA5-54CF-4184-A7E2-254D7C16680D}.Release|Any CPU.Build.0 = Release|Any CPU
	EndGlobalSection
	GlobalSection(SolutionProperties) = preSolution
		HideSolutionNode = FALSE
	EndGlobalSection
	GlobalSection(ExtensibilityGlobals) = postSolution
		SolutionGuid = {D6483B39-687D-4D23-B4BA-69BEB370509F}
	EndGlobalSection
EndGlobal
