
Microsoft Visual Studio Solution File, Format Version 12.00
# Visual Studio Version 17
VisualStudioVersion = 17.2.32616.157
MinimumVisualStudioVersion = 10.0.40219.1
Project("{FAE04EC0-301F-11D3-BF4B-00C04F79EFBC}") = "BudgetBookDemo", "BudgetBookDemo\BudgetBookDemo.csproj", "{8CEFB23A-06CA-426D-8DD1-9866A02E132B}"
EndProject
Global
	GlobalSection(SolutionConfigurationPlatforms) = preSolution
		Debug|Any CPU = Debug|Any CPU
		Release|Any CPU = Release|Any CPU
	EndGlobalSection
	GlobalSection(ProjectConfigurationPlatforms) = postSolution
		{8CEFB23A-06CA-426D-8DD1-9866A02E132B}.Debug|Any CPU.ActiveCfg = Debug|Any CPU
		{8CEFB23A-06CA-426D-8DD1-9866A02E132B}.Debug|Any CPU.Build.0 = Debug|Any CPU
		{8CEFB23A-06CA-426D-8DD1-9866A02E132B}.Release|Any CPU.ActiveCfg = Release|Any CPU
		{8CEFB23A-06CA-426D-8DD1-9866A02E132B}.Release|Any CPU.Build.0 = Release|Any CPU
	EndGlobalSection
	GlobalSection(SolutionProperties) = preSolution
		HideSolutionNode = FALSE
	EndGlobalSection
	GlobalSection(ExtensibilityGlobals) = postSolution
		SolutionGuid = {F76CF6CF-EBD7-469B-AF5D-E442F40C655B}
	EndGlobalSection
EndGlobal
